// !$*UTF8*$!
{
	archiveVersion = 1;
	classes = {
	};
	objectVersion = 55;
	objects = {

/* Begin PBXBuildFile section */
		6EC093A12921757F00E4465E /* AppDelegate.swift in Sources */ = {isa = PBXBuildFile; fileRef = 6EC093A02921757F00E4465E /* AppDelegate.swift */; };
		6EC093A32921757F00E4465E /* SceneDelegate.swift in Sources */ = {isa = PBXBuildFile; fileRef = 6EC093A22921757F00E4465E /* SceneDelegate.swift */; };
		6EC093AA2921758100E4465E /* Assets.xcassets in Resources */ = {isa = PBXBuildFile; fileRef = 6EC093A92921758100E4465E /* Assets.xcassets */; };
		6EC093AD2921758100E4465E /* LaunchScreen.storyboard in Resources */ = {isa = PBXBuildFile; fileRef = 6EC093AB2921758100E4465E /* LaunchScreen.storyboard */; };
		6EC093B72922851D00E4465E /* TabBarController.swift in Sources */ = {isa = PBXBuildFile; fileRef = 6EC093B62922851D00E4465E /* TabBarController.swift */; };
		6EC093BB29228E2800E4465E /* UIColor+extensions.swift in Sources */ = {isa = PBXBuildFile; fileRef = 6EC093BA29228E2800E4465E /* UIColor+extensions.swift */; };
		6EC093BD29228EFA00E4465E /* Resources.swift in Sources */ = {isa = PBXBuildFile; fileRef = 6EC093BC29228EFA00E4465E /* Resources.swift */; };
		6EDEBA70292404CB00AD0FA5 /* NavBarController.swift in Sources */ = {isa = PBXBuildFile; fileRef = 6EDEBA6F292404CB00AD0FA5 /* NavBarController.swift */; };
		6EDEBA74292407B600AD0FA5 /* BaseController.swift in Sources */ = {isa = PBXBuildFile; fileRef = 6EDEBA73292407B600AD0FA5 /* BaseController.swift */; };
		6EDEBA762924E98600AD0FA5 /* UIView+extensions.swift in Sources */ = {isa = PBXBuildFile; fileRef = 6EDEBA752924E98600AD0FA5 /* UIView+extensions.swift */; };
		6EDEBA7E2924ED3500AD0FA5 /* OverviewController.swift in Sources */ = {isa = PBXBuildFile; fileRef = 6EDEBA7D2924ED3500AD0FA5 /* OverviewController.swift */; };
		6EDEBA802924ED6500AD0FA5 /* SessionController.swift in Sources */ = {isa = PBXBuildFile; fileRef = 6EDEBA7F2924ED6500AD0FA5 /* SessionController.swift */; };
		6EDEBA822924ED9B00AD0FA5 /* ProgressController.swift in Sources */ = {isa = PBXBuildFile; fileRef = 6EDEBA812924ED9B00AD0FA5 /* ProgressController.swift */; };
		6EDEBA842924EDC200AD0FA5 /* SettingsController.swift in Sources */ = {isa = PBXBuildFile; fileRef = 6EDEBA832924EDC200AD0FA5 /* SettingsController.swift */; };
		6EDEBAA829264D2B00AD0FA5 /* README.md in Resources */ = {isa = PBXBuildFile; fileRef = 6EDEBAA729264D2B00AD0FA5 /* README.md */; };
		6EDEBAAB292655A600AD0FA5 /* SecondaryButton.swift in Sources */ = {isa = PBXBuildFile; fileRef = 6EDEBAAA292655A600AD0FA5 /* SecondaryButton.swift */; };
		6EEDA4F12927DCF0000EFB97 /* OverviewNavBar.swift in Sources */ = {isa = PBXBuildFile; fileRef = 6EEDA4F02927DCF0000EFB97 /* OverviewNavBar.swift */; };
		6EEDA4F32927E70E000EFB97 /* BaseView.swift in Sources */ = {isa = PBXBuildFile; fileRef = 6EEDA4F22927E70E000EFB97 /* BaseView.swift */; };
		6EEDA4F6292CFF6D000EFB97 /* WeekView.swift in Sources */ = {isa = PBXBuildFile; fileRef = 6EEDA4F5292CFF6D000EFB97 /* WeekView.swift */; };
		7E5D92B304449164F3DD156F /* Pods_Workout.framework in Frameworks */ = {isa = PBXBuildFile; fileRef = 5F4552B4A7B334C456044465 /* Pods_Workout.framework */; };
/* End PBXBuildFile section */

/* Begin PBXFileReference section */
		5F4552B4A7B334C456044465 /* Pods_Workout.framework */ = {isa = PBXFileReference; explicitFileType = wrapper.framework; includeInIndex = 0; path = Pods_Workout.framework; sourceTree = BUILT_PRODUCTS_DIR; };
		6EC0939D2921757F00E4465E /* Workout.app */ = {isa = PBXFileReference; explicitFileType = wrapper.application; includeInIndex = 0; path = Workout.app; sourceTree = BUILT_PRODUCTS_DIR; };
		6EC093A02921757F00E4465E /* AppDelegate.swift */ = {isa = PBXFileReference; lastKnownFileType = sourcecode.swift; path = AppDelegate.swift; sourceTree = "<group>"; };
		6EC093A22921757F00E4465E /* SceneDelegate.swift */ = {isa = PBXFileReference; lastKnownFileType = sourcecode.swift; path = SceneDelegate.swift; sourceTree = "<group>"; };
		6EC093A92921758100E4465E /* Assets.xcassets */ = {isa = PBXFileReference; lastKnownFileType = folder.assetcatalog; path = Assets.xcassets; sourceTree = "<group>"; };
		6EC093AC2921758100E4465E /* Base */ = {isa = PBXFileReference; lastKnownFileType = file.storyboard; name = Base; path = Base.lproj/LaunchScreen.storyboard; sourceTree = "<group>"; };
		6EC093AE2921758100E4465E /* Info.plist */ = {isa = PBXFileReference; lastKnownFileType = text.plist.xml; path = Info.plist; sourceTree = "<group>"; };
		6EC093B62922851D00E4465E /* TabBarController.swift */ = {isa = PBXFileReference; lastKnownFileType = sourcecode.swift; path = TabBarController.swift; sourceTree = "<group>"; };
		6EC093BA29228E2800E4465E /* UIColor+extensions.swift */ = {isa = PBXFileReference; lastKnownFileType = sourcecode.swift; path = "UIColor+extensions.swift"; sourceTree = "<group>"; };
		6EC093BC29228EFA00E4465E /* Resources.swift */ = {isa = PBXFileReference; lastKnownFileType = sourcecode.swift; path = Resources.swift; sourceTree = "<group>"; };
		6EDEBA6F292404CB00AD0FA5 /* NavBarController.swift */ = {isa = PBXFileReference; lastKnownFileType = sourcecode.swift; path = NavBarController.swift; sourceTree = "<group>"; };
		6EDEBA73292407B600AD0FA5 /* BaseController.swift */ = {isa = PBXFileReference; lastKnownFileType = sourcecode.swift; path = BaseController.swift; sourceTree = "<group>"; };
		6EDEBA752924E98600AD0FA5 /* UIView+extensions.swift */ = {isa = PBXFileReference; lastKnownFileType = sourcecode.swift; path = "UIView+extensions.swift"; sourceTree = "<group>"; };
		6EDEBA7D2924ED3500AD0FA5 /* OverviewController.swift */ = {isa = PBXFileReference; lastKnownFileType = sourcecode.swift; path = OverviewController.swift; sourceTree = "<group>"; };
		6EDEBA7F2924ED6500AD0FA5 /* SessionController.swift */ = {isa = PBXFileReference; lastKnownFileType = sourcecode.swift; path = SessionController.swift; sourceTree = "<group>"; };
		6EDEBA812924ED9B00AD0FA5 /* ProgressController.swift */ = {isa = PBXFileReference; lastKnownFileType = sourcecode.swift; path = ProgressController.swift; sourceTree = "<group>"; };
		6EDEBA832924EDC200AD0FA5 /* SettingsController.swift */ = {isa = PBXFileReference; lastKnownFileType = sourcecode.swift; path = SettingsController.swift; sourceTree = "<group>"; };
		6EDEBAA729264D2B00AD0FA5 /* README.md */ = {isa = PBXFileReference; lastKnownFileType = net.daringfireball.markdown; path = README.md; sourceTree = "<group>"; };
		6EDEBAAA292655A600AD0FA5 /* SecondaryButton.swift */ = {isa = PBXFileReference; lastKnownFileType = sourcecode.swift; path = SecondaryButton.swift; sourceTree = "<group>"; };
		6EEDA4F02927DCF0000EFB97 /* OverviewNavBar.swift */ = {isa = PBXFileReference; lastKnownFileType = sourcecode.swift; path = OverviewNavBar.swift; sourceTree = "<group>"; };
		6EEDA4F22927E70E000EFB97 /* BaseView.swift */ = {isa = PBXFileReference; lastKnownFileType = sourcecode.swift; path = BaseView.swift; sourceTree = "<group>"; };
		6EEDA4F5292CFF6D000EFB97 /* WeekView.swift */ = {isa = PBXFileReference; lastKnownFileType = sourcecode.swift; path = WeekView.swift; sourceTree = "<group>"; };
		D5DECB7BBB31BAE44C6BE4CE /* Pods-Workout.release.xcconfig */ = {isa = PBXFileReference; includeInIndex = 1; lastKnownFileType = text.xcconfig; name = "Pods-Workout.release.xcconfig"; path = "Target Support Files/Pods-Workout/Pods-Workout.release.xcconfig"; sourceTree = "<group>"; };
		EFA30F45D41802F878F7761E /* Pods-Workout.debug.xcconfig */ = {isa = PBXFileReference; includeInIndex = 1; lastKnownFileType = text.xcconfig; name = "Pods-Workout.debug.xcconfig"; path = "Target Support Files/Pods-Workout/Pods-Workout.debug.xcconfig"; sourceTree = "<group>"; };
/* End PBXFileReference section */

/* Begin PBXFrameworksBuildPhase section */
		6EC0939A2921757F00E4465E /* Frameworks */ = {
			isa = PBXFrameworksBuildPhase;
			buildActionMask = 2147483647;
			files = (
				7E5D92B304449164F3DD156F /* Pods_Workout.framework in Frameworks */,
			);
			runOnlyForDeploymentPostprocessing = 0;
		};
/* End PBXFrameworksBuildPhase section */

/* Begin PBXGroup section */
		6EC093942921757F00E4465E = {
			isa = PBXGroup;
			children = (
				6EDEBAA729264D2B00AD0FA5 /* README.md */,
				6EC0939F2921757F00E4465E /* Workout */,
				6EC0939E2921757F00E4465E /* Products */,
				C534EBB482168C2A5D13E504 /* Pods */,
				ED1347AF4B29A294AEACFB86 /* Frameworks */,
			);
			sourceTree = "<group>";
		};
		6EC0939E2921757F00E4465E /* Products */ = {
			isa = PBXGroup;
			children = (
				6EC0939D2921757F00E4465E /* Workout.app */,
			);
			name = Products;
			sourceTree = "<group>";
		};
		6EC0939F2921757F00E4465E /* Workout */ = {
			isa = PBXGroup;
			children = (
				6EC093B829228DC800E4465E /* Helpers */,
				6EC093BC29228EFA00E4465E /* Resources.swift */,
				6EC093B42921768400E4465E /* Application */,
				6EC093B5292176B600E4465E /* SupportingFiles */,
				6EDEBA722924078B00AD0FA5 /* Controllers */,
			);
			path = Workout;
			sourceTree = "<group>";
		};
		6EC093B42921768400E4465E /* Application */ = {
			isa = PBXGroup;
			children = (
				6EC093A02921757F00E4465E /* AppDelegate.swift */,
				6EC093A22921757F00E4465E /* SceneDelegate.swift */,
			);
			path = Application;
			sourceTree = "<group>";
		};
		6EC093B5292176B600E4465E /* SupportingFiles */ = {
			isa = PBXGroup;
			children = (
				6EC093A92921758100E4465E /* Assets.xcassets */,
				6EC093AB2921758100E4465E /* LaunchScreen.storyboard */,
				6EC093AE2921758100E4465E /* Info.plist */,
			);
			path = SupportingFiles;
			sourceTree = "<group>";
		};
		6EC093B829228DC800E4465E /* Helpers */ = {
			isa = PBXGroup;
			children = (
				6EC093B929228E0000E4465E /* Extensions */,
			);
			path = Helpers;
			sourceTree = "<group>";
		};
		6EC093B929228E0000E4465E /* Extensions */ = {
			isa = PBXGroup;
			children = (
				6EC093BA29228E2800E4465E /* UIColor+extensions.swift */,
				6EDEBA752924E98600AD0FA5 /* UIView+extensions.swift */,
			);
			path = Extensions;
			sourceTree = "<group>";
		};
		6EDEBA722924078B00AD0FA5 /* Controllers */ = {
			isa = PBXGroup;
			children = (
				6EDEBA772924EBD700AD0FA5 /* Base */,
				6EDEBA792924EC2200AD0FA5 /* Overview */,
				6EDEBA7A2924EC3000AD0FA5 /* Session */,
				6EDEBA7B2924EC3B00AD0FA5 /* Progress */,
				6EDEBA7C2924EC4500AD0FA5 /* Settings */,
			);
			path = Controllers;
			sourceTree = "<group>";
		};
		6EDEBA772924EBD700AD0FA5 /* Base */ = {
			isa = PBXGroup;
			children = (
				6EC093B62922851D00E4465E /* TabBarController.swift */,
				6EDEBA6F292404CB00AD0FA5 /* NavBarController.swift */,
				6EDEBA73292407B600AD0FA5 /* BaseController.swift */,
				6EEDA4F22927E70E000EFB97 /* BaseView.swift */,
			);
			path = Base;
			sourceTree = "<group>";
		};
		6EDEBA792924EC2200AD0FA5 /* Overview */ = {
			isa = PBXGroup;
			children = (
				6EDEBAA92926554D00AD0FA5 /* Views */,
				6EDEBA7D2924ED3500AD0FA5 /* OverviewController.swift */,
			);
			path = Overview;
			sourceTree = "<group>";
		};
		6EDEBA7A2924EC3000AD0FA5 /* Session */ = {
			isa = PBXGroup;
			children = (
				6EDEBA7F2924ED6500AD0FA5 /* SessionController.swift */,
			);
			path = Session;
			sourceTree = "<group>";
		};
		6EDEBA7B2924EC3B00AD0FA5 /* Progress */ = {
			isa = PBXGroup;
			children = (
				6EDEBA812924ED9B00AD0FA5 /* ProgressController.swift */,
			);
			path = Progress;
			sourceTree = "<group>";
		};
		6EDEBA7C2924EC4500AD0FA5 /* Settings */ = {
			isa = PBXGroup;
			children = (
				6EDEBA832924EDC200AD0FA5 /* SettingsController.swift */,
			);
			path = Settings;
			sourceTree = "<group>";
		};
		6EDEBAA92926554D00AD0FA5 /* Views */ = {
			isa = PBXGroup;
			children = (
				6EEDA4F4292CFF52000EFB97 /* WeekView */,
				6EDEBAAA292655A600AD0FA5 /* SecondaryButton.swift */,
				6EEDA4F02927DCF0000EFB97 /* OverviewNavBar.swift */,
			);
			path = Views;
			sourceTree = "<group>";
		};
		6EEDA4F4292CFF52000EFB97 /* WeekView */ = {
			isa = PBXGroup;
			children = (
				6EEDA4F5292CFF6D000EFB97 /* WeekView.swift */,
			);
			path = WeekView;
			sourceTree = "<group>";
		};
		C534EBB482168C2A5D13E504 /* Pods */ = {
			isa = PBXGroup;
			children = (
				EFA30F45D41802F878F7761E /* Pods-Workout.debug.xcconfig */,
				D5DECB7BBB31BAE44C6BE4CE /* Pods-Workout.release.xcconfig */,
			);
			path = Pods;
			sourceTree = "<group>";
		};
		ED1347AF4B29A294AEACFB86 /* Frameworks */ = {
			isa = PBXGroup;
			children = (
				5F4552B4A7B334C456044465 /* Pods_Workout.framework */,
			);
			name = Frameworks;
			sourceTree = "<group>";
		};
/* End PBXGroup section */

/* Begin PBXNativeTarget section */
		6EC0939C2921757F00E4465E /* Workout */ = {
			isa = PBXNativeTarget;
			buildConfigurationList = 6EC093B12921758100E4465E /* Build configuration list for PBXNativeTarget "Workout" */;
			buildPhases = (
				6EC093BE2922AA9400E4465E /* ShellScript */,
				7BD2E35D925053BB2C1BC329 /* [CP] Check Pods Manifest.lock */,
				6EC093992921757F00E4465E /* Sources */,
				6EC0939A2921757F00E4465E /* Frameworks */,
				6EC0939B2921757F00E4465E /* Resources */,
			);
			buildRules = (
			);
			dependencies = (
			);
			name = Workout;
			productName = Workout;
			productReference = 6EC0939D2921757F00E4465E /* Workout.app */;
			productType = "com.apple.product-type.application";
		};
/* End PBXNativeTarget section */

/* Begin PBXProject section */
		6EC093952921757F00E4465E /* Project object */ = {
			isa = PBXProject;
			attributes = {
				BuildIndependentTargetsInParallel = 1;
				LastSwiftUpdateCheck = 1320;
				LastUpgradeCheck = 1320;
				TargetAttributes = {
					6EC0939C2921757F00E4465E = {
						CreatedOnToolsVersion = 13.2.1;
					};
				};
			};
			buildConfigurationList = 6EC093982921757F00E4465E /* Build configuration list for PBXProject "Workout" */;
			compatibilityVersion = "Xcode 13.0";
			developmentRegion = en;
			hasScannedForEncodings = 0;
			knownRegions = (
				en,
				Base,
			);
			mainGroup = 6EC093942921757F00E4465E;
			productRefGroup = 6EC0939E2921757F00E4465E /* Products */;
			projectDirPath = "";
			projectRoot = "";
			targets = (
				6EC0939C2921757F00E4465E /* Workout */,
			);
		};
/* End PBXProject section */

/* Begin PBXResourcesBuildPhase section */
		6EC0939B2921757F00E4465E /* Resources */ = {
			isa = PBXResourcesBuildPhase;
			buildActionMask = 2147483647;
			files = (
				6EDEBAA829264D2B00AD0FA5 /* README.md in Resources */,
				6EC093AD2921758100E4465E /* LaunchScreen.storyboard in Resources */,
				6EC093AA2921758100E4465E /* Assets.xcassets in Resources */,
			);
			runOnlyForDeploymentPostprocessing = 0;
		};
/* End PBXResourcesBuildPhase section */

/* Begin PBXShellScriptBuildPhase section */
		6EC093BE2922AA9400E4465E /* ShellScript */ = {
			isa = PBXShellScriptBuildPhase;
			buildActionMask = 2147483647;
			files = (
			);
			inputFileListPaths = (
			);
			inputPaths = (
			);
			outputFileListPaths = (
			);
			outputPaths = (
			);
			runOnlyForDeploymentPostprocessing = 0;
			shellPath = /bin/sh;
			shellScript = "\"${PODS_ROOT}/SwiftLint/swiftlint\"\n";
		};
		7BD2E35D925053BB2C1BC329 /* [CP] Check Pods Manifest.lock */ = {
			isa = PBXShellScriptBuildPhase;
			buildActionMask = 2147483647;
			files = (
			);
			inputFileListPaths = (
			);
			inputPaths = (
				"${PODS_PODFILE_DIR_PATH}/Podfile.lock",
				"${PODS_ROOT}/Manifest.lock",
			);
			name = "[CP] Check Pods Manifest.lock";
			outputFileListPaths = (
			);
			outputPaths = (
				"$(DERIVED_FILE_DIR)/Pods-Workout-checkManifestLockResult.txt",
			);
			runOnlyForDeploymentPostprocessing = 0;
			shellPath = /bin/sh;
			shellScript = "diff \"${PODS_PODFILE_DIR_PATH}/Podfile.lock\" \"${PODS_ROOT}/Manifest.lock\" > /dev/null\nif [ $? != 0 ] ; then\n    # print error to STDERR\n    echo \"error: The sandbox is not in sync with the Podfile.lock. Run 'pod install' or update your CocoaPods installation.\" >&2\n    exit 1\nfi\n# This output is used by Xcode 'outputs' to avoid re-running this script phase.\necho \"SUCCESS\" > \"${SCRIPT_OUTPUT_FILE_0}\"\n";
			showEnvVarsInLog = 0;
		};
/* End PBXShellScriptBuildPhase section */

/* Begin PBXSourcesBuildPhase section */
		6EC093992921757F00E4465E /* Sources */ = {
			isa = PBXSourcesBuildPhase;
			buildActionMask = 2147483647;
			files = (
				6EEDA4F6292CFF6D000EFB97 /* WeekView.swift in Sources */,
				6EDEBA842924EDC200AD0FA5 /* SettingsController.swift in Sources */,
				6EC093B72922851D00E4465E /* TabBarController.swift in Sources */,
				6EEDA4F12927DCF0000EFB97 /* OverviewNavBar.swift in Sources */,
				6EC093BB29228E2800E4465E /* UIColor+extensions.swift in Sources */,
				6EDEBA70292404CB00AD0FA5 /* NavBarController.swift in Sources */,
				6EC093BD29228EFA00E4465E /* Resources.swift in Sources */,
				6EDEBA802924ED6500AD0FA5 /* SessionController.swift in Sources */,
				6EDEBAAB292655A600AD0FA5 /* SecondaryButton.swift in Sources */,
				6EDEBA822924ED9B00AD0FA5 /* ProgressController.swift in Sources */,
				6EDEBA7E2924ED3500AD0FA5 /* OverviewController.swift in Sources */,
				6EC093A12921757F00E4465E /* AppDelegate.swift in Sources */,
				6EDEBA762924E98600AD0FA5 /* UIView+extensions.swift in Sources */,
				6EEDA4F32927E70E000EFB97 /* BaseView.swift in Sources */,
				6EDEBA74292407B600AD0FA5 /* BaseController.swift in Sources */,
				6EC093A32921757F00E4465E /* SceneDelegate.swift in Sources */,
			);
			runOnlyForDeploymentPostprocessing = 0;
		};
/* End PBXSourcesBuildPhase section */

/* Begin PBXVariantGroup section */
		6EC093AB2921758100E4465E /* LaunchScreen.storyboard */ = {
			isa = PBXVariantGroup;
			children = (
				6EC093AC2921758100E4465E /* Base */,
			);
			name = LaunchScreen.storyboard;
			sourceTree = "<group>";
		};
/* End PBXVariantGroup section */

/* Begin XCBuildConfiguration section */
		6EC093AF2921758100E4465E /* Debug */ = {
			isa = XCBuildConfiguration;
			buildSettings = {
				ALWAYS_SEARCH_USER_PATHS = NO;
				CLANG_ANALYZER_NONNULL = YES;
				CLANG_ANALYZER_NUMBER_OBJECT_CONVERSION = YES_AGGRESSIVE;
				CLANG_CXX_LANGUAGE_STANDARD = "gnu++17";
				CLANG_CXX_LIBRARY = "libc++";
				CLANG_ENABLE_MODULES = YES;
				CLANG_ENABLE_OBJC_ARC = YES;
				CLANG_ENABLE_OBJC_WEAK = YES;
				CLANG_WARN_BLOCK_CAPTURE_AUTORELEASING = YES;
				CLANG_WARN_BOOL_CONVERSION = YES;
				CLANG_WARN_COMMA = YES;
				CLANG_WARN_CONSTANT_CONVERSION = YES;
				CLANG_WARN_DEPRECATED_OBJC_IMPLEMENTATIONS = YES;
				CLANG_WARN_DIRECT_OBJC_ISA_USAGE = YES_ERROR;
				CLANG_WARN_DOCUMENTATION_COMMENTS = YES;
				CLANG_WARN_EMPTY_BODY = YES;
				CLANG_WARN_ENUM_CONVERSION = YES;
				CLANG_WARN_INFINITE_RECURSION = YES;
				CLANG_WARN_INT_CONVERSION = YES;
				CLANG_WARN_NON_LITERAL_NULL_CONVERSION = YES;
				CLANG_WARN_OBJC_IMPLICIT_RETAIN_SELF = YES;
				CLANG_WARN_OBJC_LITERAL_CONVERSION = YES;
				CLANG_WARN_OBJC_ROOT_CLASS = YES_ERROR;
				CLANG_WARN_QUOTED_INCLUDE_IN_FRAMEWORK_HEADER = YES;
				CLANG_WARN_RANGE_LOOP_ANALYSIS = YES;
				CLANG_WARN_STRICT_PROTOTYPES = YES;
				CLANG_WARN_SUSPICIOUS_MOVE = YES;
				CLANG_WARN_UNGUARDED_AVAILABILITY = YES_AGGRESSIVE;
				CLANG_WARN_UNREACHABLE_CODE = YES;
				CLANG_WARN__DUPLICATE_METHOD_MATCH = YES;
				COPY_PHASE_STRIP = NO;
				DEBUG_INFORMATION_FORMAT = dwarf;
				ENABLE_STRICT_OBJC_MSGSEND = YES;
				ENABLE_TESTABILITY = YES;
				GCC_C_LANGUAGE_STANDARD = gnu11;
				GCC_DYNAMIC_NO_PIC = NO;
				GCC_NO_COMMON_BLOCKS = YES;
				GCC_OPTIMIZATION_LEVEL = 0;
				GCC_PREPROCESSOR_DEFINITIONS = (
					"DEBUG=1",
					"$(inherited)",
				);
				GCC_WARN_64_TO_32_BIT_CONVERSION = YES;
				GCC_WARN_ABOUT_RETURN_TYPE = YES_ERROR;
				GCC_WARN_UNDECLARED_SELECTOR = YES;
				GCC_WARN_UNINITIALIZED_AUTOS = YES_AGGRESSIVE;
				GCC_WARN_UNUSED_FUNCTION = YES;
				GCC_WARN_UNUSED_VARIABLE = YES;
				IPHONEOS_DEPLOYMENT_TARGET = 15.2;
				MTL_ENABLE_DEBUG_INFO = INCLUDE_SOURCE;
				MTL_FAST_MATH = YES;
				ONLY_ACTIVE_ARCH = YES;
				SDKROOT = iphoneos;
				SWIFT_ACTIVE_COMPILATION_CONDITIONS = DEBUG;
				SWIFT_OPTIMIZATION_LEVEL = "-Onone";
			};
			name = Debug;
		};
		6EC093B02921758100E4465E /* Release */ = {
			isa = XCBuildConfiguration;
			buildSettings = {
				ALWAYS_SEARCH_USER_PATHS = NO;
				CLANG_ANALYZER_NONNULL = YES;
				CLANG_ANALYZER_NUMBER_OBJECT_CONVERSION = YES_AGGRESSIVE;
				CLANG_CXX_LANGUAGE_STANDARD = "gnu++17";
				CLANG_CXX_LIBRARY = "libc++";
				CLANG_ENABLE_MODULES = YES;
				CLANG_ENABLE_OBJC_ARC = YES;
				CLANG_ENABLE_OBJC_WEAK = YES;
				CLANG_WARN_BLOCK_CAPTURE_AUTORELEASING = YES;
				CLANG_WARN_BOOL_CONVERSION = YES;
				CLANG_WARN_COMMA = YES;
				CLANG_WARN_CONSTANT_CONVERSION = YES;
				CLANG_WARN_DEPRECATED_OBJC_IMPLEMENTATIONS = YES;
				CLANG_WARN_DIRECT_OBJC_ISA_USAGE = YES_ERROR;
				CLANG_WARN_DOCUMENTATION_COMMENTS = YES;
				CLANG_WARN_EMPTY_BODY = YES;
				CLANG_WARN_ENUM_CONVERSION = YES;
				CLANG_WARN_INFINITE_RECURSION = YES;
				CLANG_WARN_INT_CONVERSION = YES;
				CLANG_WARN_NON_LITERAL_NULL_CONVERSION = YES;
				CLANG_WARN_OBJC_IMPLICIT_RETAIN_SELF = YES;
				CLANG_WARN_OBJC_LITERAL_CONVERSION = YES;
				CLANG_WARN_OBJC_ROOT_CLASS = YES_ERROR;
				CLANG_WARN_QUOTED_INCLUDE_IN_FRAMEWORK_HEADER = YES;
				CLANG_WARN_RANGE_LOOP_ANALYSIS = YES;
				CLANG_WARN_STRICT_PROTOTYPES = YES;
				CLANG_WARN_SUSPICIOUS_MOVE = YES;
				CLANG_WARN_UNGUARDED_AVAILABILITY = YES_AGGRESSIVE;
				CLANG_WARN_UNREACHABLE_CODE = YES;
				CLANG_WARN__DUPLICATE_METHOD_MATCH = YES;
				COPY_PHASE_STRIP = NO;
				DEBUG_INFORMATION_FORMAT = "dwarf-with-dsym";
				ENABLE_NS_ASSERTIONS = NO;
				ENABLE_STRICT_OBJC_MSGSEND = YES;
				GCC_C_LANGUAGE_STANDARD = gnu11;
				GCC_NO_COMMON_BLOCKS = YES;
				GCC_WARN_64_TO_32_BIT_CONVERSION = YES;
				GCC_WARN_ABOUT_RETURN_TYPE = YES_ERROR;
				GCC_WARN_UNDECLARED_SELECTOR = YES;
				GCC_WARN_UNINITIALIZED_AUTOS = YES_AGGRESSIVE;
				GCC_WARN_UNUSED_FUNCTION = YES;
				GCC_WARN_UNUSED_VARIABLE = YES;
				IPHONEOS_DEPLOYMENT_TARGET = 15.2;
				MTL_ENABLE_DEBUG_INFO = NO;
				MTL_FAST_MATH = YES;
				SDKROOT = iphoneos;
				SWIFT_COMPILATION_MODE = wholemodule;
				SWIFT_OPTIMIZATION_LEVEL = "-O";
				VALIDATE_PRODUCT = YES;
			};
			name = Release;
		};
		6EC093B22921758100E4465E /* Debug */ = {
			isa = XCBuildConfiguration;
			baseConfigurationReference = EFA30F45D41802F878F7761E /* Pods-Workout.debug.xcconfig */;
			buildSettings = {
				ASSETCATALOG_COMPILER_APPICON_NAME = AppIcon;
				ASSETCATALOG_COMPILER_GLOBAL_ACCENT_COLOR_NAME = AccentColor;
				CODE_SIGN_STYLE = Automatic;
				CURRENT_PROJECT_VERSION = 1;
				DEVELOPMENT_TEAM = 38NM7VX6QJ;
				GENERATE_INFOPLIST_FILE = YES;
				INFOPLIST_FILE = Workout/SupportingFiles/Info.plist;
				INFOPLIST_KEY_UIApplicationSupportsIndirectInputEvents = YES;
				INFOPLIST_KEY_UILaunchStoryboardName = LaunchScreen;
				INFOPLIST_KEY_UISupportedInterfaceOrientations = UIInterfaceOrientationPortrait;
				INFOPLIST_KEY_UISupportedInterfaceOrientations_iPad = "UIInterfaceOrientationPortrait UIInterfaceOrientationPortraitUpsideDown UIInterfaceOrientationLandscapeLeft UIInterfaceOrientationLandscapeRight";
				INFOPLIST_KEY_UISupportedInterfaceOrientations_iPhone = "UIInterfaceOrientationPortrait UIInterfaceOrientationLandscapeLeft UIInterfaceOrientationLandscapeRight";
				LD_RUNPATH_SEARCH_PATHS = (
					"$(inherited)",
					"@executable_path/Frameworks",
				);
				MARKETING_VERSION = 1.0;
				PRODUCT_BUNDLE_IDENTIFIER = com.gii.Workout;
				PRODUCT_NAME = "$(TARGET_NAME)";
				SWIFT_EMIT_LOC_STRINGS = YES;
				SWIFT_VERSION = 5.0;
				TARGETED_DEVICE_FAMILY = 1;
			};
			name = Debug;
		};
		6EC093B32921758100E4465E /* Release */ = {
			isa = XCBuildConfiguration;
			baseConfigurationReference = D5DECB7BBB31BAE44C6BE4CE /* Pods-Workout.release.xcconfig */;
			buildSettings = {
				ASSETCATALOG_COMPILER_APPICON_NAME = AppIcon;
				ASSETCATALOG_COMPILER_GLOBAL_ACCENT_COLOR_NAME = AccentColor;
				CODE_SIGN_STYLE = Automatic;
				CURRENT_PROJECT_VERSION = 1;
				DEVELOPMENT_TEAM = 38NM7VX6QJ;
				GENERATE_INFOPLIST_FILE = YES;
				INFOPLIST_FILE = Workout/SupportingFiles/Info.plist;
				INFOPLIST_KEY_UIApplicationSupportsIndirectInputEvents = YES;
				INFOPLIST_KEY_UILaunchStoryboardName = LaunchScreen;
				INFOPLIST_KEY_UISupportedInterfaceOrientations = UIInterfaceOrientationPortrait;
				INFOPLIST_KEY_UISupportedInterfaceOrientations_iPad = "UIInterfaceOrientationPortrait UIInterfaceOrientationPortraitUpsideDown UIInterfaceOrientationLandscapeLeft UIInterfaceOrientationLandscapeRight";
				INFOPLIST_KEY_UISupportedInterfaceOrientations_iPhone = "UIInterfaceOrientationPortrait UIInterfaceOrientationLandscapeLeft UIInterfaceOrientationLandscapeRight";
				LD_RUNPATH_SEARCH_PATHS = (
					"$(inherited)",
					"@executable_path/Frameworks",
				);
				MARKETING_VERSION = 1.0;
				PRODUCT_BUNDLE_IDENTIFIER = com.gii.Workout;
				PRODUCT_NAME = "$(TARGET_NAME)";
				SWIFT_EMIT_LOC_STRINGS = YES;
				SWIFT_VERSION = 5.0;
				TARGETED_DEVICE_FAMILY = 1;
			};
			name = Release;
		};
/* End XCBuildConfiguration section */

/* Begin XCConfigurationList section */
		6EC093982921757F00E4465E /* Build configuration list for PBXProject "Workout" */ = {
			isa = XCConfigurationList;
			buildConfigurations = (
				6EC093AF2921758100E4465E /* Debug */,
				6EC093B02921758100E4465E /* Release */,
			);
			defaultConfigurationIsVisible = 0;
			defaultConfigurationName = Release;
		};
		6EC093B12921758100E4465E /* Build configuration list for PBXNativeTarget "Workout" */ = {
			isa = XCConfigurationList;
			buildConfigurations = (
				6EC093B22921758100E4465E /* Debug */,
				6EC093B32921758100E4465E /* Release */,
			);
			defaultConfigurationIsVisible = 0;
			defaultConfigurationName = Release;
		};
/* End XCConfigurationList section */
	};
	rootObject = 6EC093952921757F00E4465E /* Project object */;
}
